
Microsoft Visual Studio Solution File, Format Version 12.00
# Visual Studio Version 16
VisualStudioVersion = 16.0.31515.178
MinimumVisualStudioVersion = 10.0.40219.1
Project("{9A19103F-16F7-4668-BE54-9A1E7A4F7556}") = "Etch.OrchardCore.ContentPermissions", "Etch.OrchardCore.ContentPermissions.csproj", "{7D31E7A6-66C9-4EB6-A742-F6D758042B94}"
EndProject
Global
	GlobalSection(SolutionConfigurationPlatforms) = preSolution
		Debug|Any CPU = Debug|Any CPU
		Release|Any CPU = Release|Any CPU
	EndGlobalSection
	GlobalSection(ProjectConfigurationPlatforms) = postSolution
		{7D31E7A6-66C9-4EB6-A742-F6D758042B94}.Debug|Any CPU.ActiveCfg = Debug|Any CPU
		{7D31E7A6-66C9-4EB6-A742-F6D758042B94}.Debug|Any CPU.Build.0 = Debug|Any CPU
		{7D31E7A6-66C9-4EB6-A742-F6D758042B94}.Release|Any CPU.ActiveCfg = Release|Any CPU
		{7D31E7A6-66C9-4EB6-A742-F6D758042B94}.Release|Any CPU.Build.0 = Release|Any CPU
	EndGlobalSection
	GlobalSection(SolutionProperties) = preSolution
		HideSolutionNode = FALSE
	EndGlobalSection
	GlobalSection(ExtensibilityGlobals) = postSolution
		SolutionGuid = {3288D656-311A-4C81-814A-189AEF14CFC0}
	EndGlobalSection
EndGlobal
